
Microsoft Visual Studio Solution File, Format Version 12.00
# Visual Studio Version 17
VisualStudioVersion = 17.6.33723.286
MinimumVisualStudioVersion = 10.0.40219.1
Project("{9A19103F-16F7-4668-BE54-9A1E7A4F7556}") = "ThreeNET", "src\ThreeNET\ThreeNET.csproj", "{DA9AA4CB-FB03-46D0-89CA-7B0C830C0C93}"
EndProject
Project("{9A19103F-16F7-4668-BE54-9A1E7A4F7556}") = "ThreeNET.Test.Server", "test\ThreeNET.Test.Server\ThreeNET.Test.Server.csproj", "{0BB53DCA-165A-42A5-87EC-D1898DA261D6}"
EndProject
Project("{9A19103F-16F7-4668-BE54-9A1E7A4F7556}") = "ThreeNET.Test.WASM", "test\ThreeNET.Test.WASM\ThreeNET.Test.WASM.csproj", "{6AF85B80-86E1-4F1C-AEE1-2B3BFFE672F8}"
EndProject
Project("{2150E333-8FDC-42A3-9474-1A3956D46DE8}") = "Solution Items", "Solution Items", "{560A1E5A-EC2E-4712-A262-308E3682B783}"
	ProjectSection(SolutionItems) = preProject
		.editorconfig = .editorconfig
	EndProjectSection
EndProject
Project("{2150E333-8FDC-42A3-9474-1A3956D46DE8}") = "Test", "Test", "{C801BA24-F375-4B5A-8884-FC54D733F88D}"
EndProject
Global
	GlobalSection(SolutionConfigurationPlatforms) = preSolution
		Debug|Any CPU = Debug|Any CPU
		Release|Any CPU = Release|Any CPU
	EndGlobalSection
	GlobalSection(ProjectConfigurationPlatforms) = postSolution
		{DA9AA4CB-FB03-46D0-89CA-7B0C830C0C93}.Debug|Any CPU.ActiveCfg = Debug|Any CPU
		{DA9AA4CB-FB03-46D0-89CA-7B0C830C0C93}.Debug|Any CPU.Build.0 = Debug|Any CPU
		{DA9AA4CB-FB03-46D0-89CA-7B0C830C0C93}.Release|Any CPU.ActiveCfg = Release|Any CPU
		{DA9AA4CB-FB03-46D0-89CA-7B0C830C0C93}.Release|Any CPU.Build.0 = Release|Any CPU
		{0BB53DCA-165A-42A5-87EC-D1898DA261D6}.Debug|Any CPU.ActiveCfg = Debug|Any CPU
		{0BB53DCA-165A-42A5-87EC-D1898DA261D6}.Debug|Any CPU.Build.0 = Debug|Any CPU
		{0BB53DCA-165A-42A5-87EC-D1898DA261D6}.Release|Any CPU.ActiveCfg = Release|Any CPU
		{0BB53DCA-165A-42A5-87EC-D1898DA261D6}.Release|Any CPU.Build.0 = Release|Any CPU
		{6AF85B80-86E1-4F1C-AEE1-2B3BFFE672F8}.Debug|Any CPU.ActiveCfg = Debug|Any CPU
		{6AF85B80-86E1-4F1C-AEE1-2B3BFFE672F8}.Debug|Any CPU.Build.0 = Debug|Any CPU
		{6AF85B80-86E1-4F1C-AEE1-2B3BFFE672F8}.Release|Any CPU.ActiveCfg = Release|Any CPU
		{6AF85B80-86E1-4F1C-AEE1-2B3BFFE672F8}.Release|Any CPU.Build.0 = Release|Any CPU
	EndGlobalSection
	GlobalSection(SolutionProperties) = preSolution
		HideSolutionNode = FALSE
	EndGlobalSection
	GlobalSection(NestedProjects) = preSolution
		{0BB53DCA-165A-42A5-87EC-D1898DA261D6} = {C801BA24-F375-4B5A-8884-FC54D733F88D}
		{6AF85B80-86E1-4F1C-AEE1-2B3BFFE672F8} = {C801BA24-F375-4B5A-8884-FC54D733F88D}
	EndGlobalSection
	GlobalSection(ExtensibilityGlobals) = postSolution
		SolutionGuid = {BF6E9129-4482-4478-A1AB-F6267FA0A0A6}
	EndGlobalSection
EndGlobal
